// !$*UTF8*$!
{
	archiveVersion = 1;
	classes = {
	};
	objectVersion = 46;
	objects = {

/* Begin PBXBuildFile section */
		F8D572171A6184BD0048637E /* AppDelegate.swift in Sources */ = {isa = PBXBuildFile; fileRef = F8D572161A6184BD0048637E /* AppDelegate.swift */; };
		F8D5721A1A6184BD0048637E /* FundsTransfer.xcdatamodeld in Sources */ = {isa = PBXBuildFile; fileRef = F8D572181A6184BD0048637E /* FundsTransfer.xcdatamodeld */; };
		F8D5721C1A6184BD0048637E /* ViewController.swift in Sources */ = {isa = PBXBuildFile; fileRef = F8D5721B1A6184BD0048637E /* ViewController.swift */; };
		F8D5721F1A6184BD0048637E /* Main.storyboard in Resources */ = {isa = PBXBuildFile; fileRef = F8D5721D1A6184BD0048637E /* Main.storyboard */; };
		F8D572211A6184BD0048637E /* Images.xcassets in Resources */ = {isa = PBXBuildFile; fileRef = F8D572201A6184BD0048637E /* Images.xcassets */; };
		F8D572241A6184BD0048637E /* LaunchScreen.xib in Resources */ = {isa = PBXBuildFile; fileRef = F8D572221A6184BD0048637E /* LaunchScreen.xib */; };
		F8D572301A6184BD0048637E /* FundsTransferTests.swift in Sources */ = {isa = PBXBuildFile; fileRef = F8D5722F1A6184BD0048637E /* FundsTransferTests.swift */; };
		F8D5724F1A618D630048637E /* HTTPRequestSerializer.swift in Sources */ = {isa = PBXBuildFile; fileRef = F8D5724B1A618D620048637E /* HTTPRequestSerializer.swift */; };
		F8D572501A618D630048637E /* HTTPResponseSerializer.swift in Sources */ = {isa = PBXBuildFile; fileRef = F8D5724C1A618D620048637E /* HTTPResponseSerializer.swift */; };
		F8D572511A618D630048637E /* HTTPTask.swift in Sources */ = {isa = PBXBuildFile; fileRef = F8D5724D1A618D620048637E /* HTTPTask.swift */; };
		F8D572521A618D630048637E /* HTTPUpload.swift in Sources */ = {isa = PBXBuildFile; fileRef = F8D5724E1A618D630048637E /* HTTPUpload.swift */; };
		F8D572551A618E340048637E /* Utility.swift in Sources */ = {isa = PBXBuildFile; fileRef = F8D572541A618E340048637E /* Utility.swift */; };
		F8D572571A618E6E0048637E /* Localize.swift in Sources */ = {isa = PBXBuildFile; fileRef = F8D572561A618E6E0048637E /* Localize.swift */; };
		F8D572591A618F2E0048637E /* NetworkAdapter.swift in Sources */ = {isa = PBXBuildFile; fileRef = F8D572581A618F2E0048637E /* NetworkAdapter.swift */; };
		F8D5725C1A6194220048637E /* Config.swift in Sources */ = {isa = PBXBuildFile; fileRef = F8D5725B1A6194220048637E /* Config.swift */; };
/* End PBXBuildFile section */

/* Begin PBXContainerItemProxy section */
		F8D5722A1A6184BD0048637E /* PBXContainerItemProxy */ = {
			isa = PBXContainerItemProxy;
			containerPortal = F8D572091A6184BD0048637E /* Project object */;
			proxyType = 1;
			remoteGlobalIDString = F8D572101A6184BD0048637E;
			remoteInfo = FundsTransfer;
		};
		F8D572401A618CC20048637E /* PBXContainerItemProxy */ = {
			isa = PBXContainerItemProxy;
			containerPortal = F8D572391A618CC20048637E /* SwiftHTTP.xcodeproj */;
			proxyType = 2;
			remoteGlobalIDString = 6BFD901619C8D8B500DD99B6;
			remoteInfo = SwiftHTTP;
		};
		F8D572421A618CC20048637E /* PBXContainerItemProxy */ = {
			isa = PBXContainerItemProxy;
			containerPortal = F8D572391A618CC20048637E /* SwiftHTTP.xcodeproj */;
			proxyType = 2;
			remoteGlobalIDString = 6BFD902119C8D8B500DD99B6;
			remoteInfo = SwiftHTTPTests;
		};
		F8D572441A618CC20048637E /* PBXContainerItemProxy */ = {
			isa = PBXContainerItemProxy;
			containerPortal = F8D572391A618CC20048637E /* SwiftHTTP.xcodeproj */;
			proxyType = 2;
			remoteGlobalIDString = D958025919E6EEEB003C8218;
			remoteInfo = SwiftHTTPOSX;
		};
		F8D572461A618CC20048637E /* PBXContainerItemProxy */ = {
			isa = PBXContainerItemProxy;
			containerPortal = F8D572391A618CC20048637E /* SwiftHTTP.xcodeproj */;
			proxyType = 2;
			remoteGlobalIDString = D958026319E6EEEB003C8218;
			remoteInfo = SwiftHTTPOSXTests;
		};
/* End PBXContainerItemProxy section */

/* Begin PBXFileReference section */
		F8D572111A6184BD0048637E /* FundsTransfer.app */ = {isa = PBXFileReference; explicitFileType = wrapper.application; includeInIndex = 0; path = FundsTransfer.app; sourceTree = BUILT_PRODUCTS_DIR; };
		F8D572151A6184BD0048637E /* Info.plist */ = {isa = PBXFileReference; lastKnownFileType = text.plist.xml; path = Info.plist; sourceTree = "<group>"; };
		F8D572161A6184BD0048637E /* AppDelegate.swift */ = {isa = PBXFileReference; lastKnownFileType = sourcecode.swift; path = AppDelegate.swift; sourceTree = "<group>"; };
		F8D572191A6184BD0048637E /* FundsTransfer.xcdatamodel */ = {isa = PBXFileReference; lastKnownFileType = wrapper.xcdatamodel; path = FundsTransfer.xcdatamodel; sourceTree = "<group>"; };
		F8D5721B1A6184BD0048637E /* ViewController.swift */ = {isa = PBXFileReference; lastKnownFileType = sourcecode.swift; path = ViewController.swift; sourceTree = "<group>"; };
		F8D5721E1A6184BD0048637E /* Base */ = {isa = PBXFileReference; lastKnownFileType = file.storyboard; name = Base; path = Base.lproj/Main.storyboard; sourceTree = "<group>"; };
		F8D572201A6184BD0048637E /* Images.xcassets */ = {isa = PBXFileReference; lastKnownFileType = folder.assetcatalog; path = Images.xcassets; sourceTree = "<group>"; };
		F8D572231A6184BD0048637E /* Base */ = {isa = PBXFileReference; lastKnownFileType = file.xib; name = Base; path = Base.lproj/LaunchScreen.xib; sourceTree = "<group>"; };
		F8D572291A6184BD0048637E /* FundsTransferTests.xctest */ = {isa = PBXFileReference; explicitFileType = wrapper.cfbundle; includeInIndex = 0; path = FundsTransferTests.xctest; sourceTree = BUILT_PRODUCTS_DIR; };
		F8D5722E1A6184BD0048637E /* Info.plist */ = {isa = PBXFileReference; lastKnownFileType = text.plist.xml; path = Info.plist; sourceTree = "<group>"; };
		F8D5722F1A6184BD0048637E /* FundsTransferTests.swift */ = {isa = PBXFileReference; lastKnownFileType = sourcecode.swift; path = FundsTransferTests.swift; sourceTree = "<group>"; };
		F8D572391A618CC20048637E /* SwiftHTTP.xcodeproj */ = {isa = PBXFileReference; lastKnownFileType = "wrapper.pb-project"; name = SwiftHTTP.xcodeproj; path = ../Library/SwiftHTTP/SwiftHTTP.xcodeproj; sourceTree = "<group>"; };
		F8D5724B1A618D620048637E /* HTTPRequestSerializer.swift */ = {isa = PBXFileReference; fileEncoding = 4; lastKnownFileType = sourcecode.swift; name = HTTPRequestSerializer.swift; path = ../../Library/SwiftHTTP/HTTPRequestSerializer.swift; sourceTree = "<group>"; };
		F8D5724C1A618D620048637E /* HTTPResponseSerializer.swift */ = {isa = PBXFileReference; fileEncoding = 4; lastKnownFileType = sourcecode.swift; name = HTTPResponseSerializer.swift; path = ../../Library/SwiftHTTP/HTTPResponseSerializer.swift; sourceTree = "<group>"; };
		F8D5724D1A618D620048637E /* HTTPTask.swift */ = {isa = PBXFileReference; fileEncoding = 4; lastKnownFileType = sourcecode.swift; name = HTTPTask.swift; path = ../../Library/SwiftHTTP/HTTPTask.swift; sourceTree = "<group>"; };
		F8D5724E1A618D630048637E /* HTTPUpload.swift */ = {isa = PBXFileReference; fileEncoding = 4; lastKnownFileType = sourcecode.swift; name = HTTPUpload.swift; path = ../../Library/SwiftHTTP/HTTPUpload.swift; sourceTree = "<group>"; };
		F8D572541A618E340048637E /* Utility.swift */ = {isa = PBXFileReference; fileEncoding = 4; lastKnownFileType = sourcecode.swift; path = Utility.swift; sourceTree = "<group>"; };
		F8D572561A618E6E0048637E /* Localize.swift */ = {isa = PBXFileReference; fileEncoding = 4; lastKnownFileType = sourcecode.swift; path = Localize.swift; sourceTree = "<group>"; };
		F8D572581A618F2E0048637E /* NetworkAdapter.swift */ = {isa = PBXFileReference; fileEncoding = 4; lastKnownFileType = sourcecode.swift; path = NetworkAdapter.swift; sourceTree = "<group>"; };
		F8D5725B1A6194220048637E /* Config.swift */ = {isa = PBXFileReference; fileEncoding = 4; lastKnownFileType = sourcecode.swift; path = Config.swift; sourceTree = "<group>"; };
/* End PBXFileReference section */

/* Begin PBXFrameworksBuildPhase section */
		F8D5720E1A6184BD0048637E /* Frameworks */ = {
			isa = PBXFrameworksBuildPhase;
			buildActionMask = 2147483647;
			files = (
			);
			runOnlyForDeploymentPostprocessing = 0;
		};
		F8D572261A6184BD0048637E /* Frameworks */ = {
			isa = PBXFrameworksBuildPhase;
			buildActionMask = 2147483647;
			files = (
			);
			runOnlyForDeploymentPostprocessing = 0;
		};
/* End PBXFrameworksBuildPhase section */

/* Begin PBXGroup section */
		F8D572081A6184BD0048637E = {
			isa = PBXGroup;
			children = (
				F8D572391A618CC20048637E /* SwiftHTTP.xcodeproj */,
				F8D572131A6184BD0048637E /* FundsTransfer */,
				F8D5722C1A6184BD0048637E /* FundsTransferTests */,
				F8D572121A6184BD0048637E /* Products */,
			);
			sourceTree = "<group>";
		};
		F8D572121A6184BD0048637E /* Products */ = {
			isa = PBXGroup;
			children = (
				F8D572111A6184BD0048637E /* FundsTransfer.app */,
				F8D572291A6184BD0048637E /* FundsTransferTests.xctest */,
			);
			name = Products;
			sourceTree = "<group>";
		};
		F8D572131A6184BD0048637E /* FundsTransfer */ = {
			isa = PBXGroup;
			children = (
				F8D5725D1A61943B0048637E /* Model */,
				F8D572491A618D330048637E /* Controllers */,
				F8D5724A1A618D4A0048637E /* Network */,
				F8D572531A618D9F0048637E /* Others */,
				F8D572161A6184BD0048637E /* AppDelegate.swift */,
				F8D5721D1A6184BD0048637E /* Main.storyboard */,
				F8D572201A6184BD0048637E /* Images.xcassets */,
				F8D572221A6184BD0048637E /* LaunchScreen.xib */,
				F8D572181A6184BD0048637E /* FundsTransfer.xcdatamodeld */,
				F8D572141A6184BD0048637E /* Supporting Files */,
			);
			path = FundsTransfer;
			sourceTree = "<group>";
		};
		F8D572141A6184BD0048637E /* Supporting Files */ = {
			isa = PBXGroup;
			children = (
				F8D572151A6184BD0048637E /* Info.plist */,
			);
			name = "Supporting Files";
			sourceTree = "<group>";
		};
		F8D5722C1A6184BD0048637E /* FundsTransferTests */ = {
			isa = PBXGroup;
			children = (
				F8D5722F1A6184BD0048637E /* FundsTransferTests.swift */,
				F8D5722D1A6184BD0048637E /* Supporting Files */,
			);
			path = FundsTransferTests;
			sourceTree = "<group>";
		};
		F8D5722D1A6184BD0048637E /* Supporting Files */ = {
			isa = PBXGroup;
			children = (
				F8D5722E1A6184BD0048637E /* Info.plist */,
			);
			name = "Supporting Files";
			sourceTree = "<group>";
		};
		F8D5723A1A618CC20048637E /* Products */ = {
			isa = PBXGroup;
			children = (
				F8D572411A618CC20048637E /* SwiftHTTP.framework */,
				F8D572431A618CC20048637E /* SwiftHTTPTests.xctest */,
				F8D572451A618CC20048637E /* SwiftHTTPOSX.framework */,
				F8D572471A618CC20048637E /* SwiftHTTPOSXTests.xctest */,
			);
			name = Products;
			sourceTree = "<group>";
		};
		F8D572491A618D330048637E /* Controllers */ = {
			isa = PBXGroup;
			children = (
				F8D5721B1A6184BD0048637E /* ViewController.swift */,
			);
			name = Controllers;
			sourceTree = "<group>";
		};
		F8D5724A1A618D4A0048637E /* Network */ = {
			isa = PBXGroup;
			children = (
				F8D5724B1A618D620048637E /* HTTPRequestSerializer.swift */,
				F8D5724C1A618D620048637E /* HTTPResponseSerializer.swift */,
				F8D5724D1A618D620048637E /* HTTPTask.swift */,
				F8D5724E1A618D630048637E /* HTTPUpload.swift */,
				F8D572581A618F2E0048637E /* NetworkAdapter.swift */,
			);
			name = Network;
			sourceTree = "<group>";
		};
		F8D572531A618D9F0048637E /* Others */ = {
			isa = PBXGroup;
			children = (
				F8D572541A618E340048637E /* Utility.swift */,
				F8D572561A618E6E0048637E /* Localize.swift */,
				F8D5725B1A6194220048637E /* Config.swift */,
			);
			name = Others;
			sourceTree = "<group>";
		};
		F8D5725D1A61943B0048637E /* Model */ = {
			isa = PBXGroup;
			children = (
			);
			name = Model;
			sourceTree = "<group>";
		};
/* End PBXGroup section */

/* Begin PBXNativeTarget section */
		F8D572101A6184BD0048637E /* FundsTransfer */ = {
			isa = PBXNativeTarget;
			buildConfigurationList = F8D572331A6184BD0048637E /* Build configuration list for PBXNativeTarget "FundsTransfer" */;
			buildPhases = (
				F8D5720D1A6184BD0048637E /* Sources */,
				F8D5720E1A6184BD0048637E /* Frameworks */,
				F8D5720F1A6184BD0048637E /* Resources */,
			);
			buildRules = (
			);
			dependencies = (
			);
			name = FundsTransfer;
			productName = FundsTransfer;
			productReference = F8D572111A6184BD0048637E /* FundsTransfer.app */;
			productType = "com.apple.product-type.application";
		};
		F8D572281A6184BD0048637E /* FundsTransferTests */ = {
			isa = PBXNativeTarget;
			buildConfigurationList = F8D572361A6184BD0048637E /* Build configuration list for PBXNativeTarget "FundsTransferTests" */;
			buildPhases = (
				F8D572251A6184BD0048637E /* Sources */,
				F8D572261A6184BD0048637E /* Frameworks */,
				F8D572271A6184BD0048637E /* Resources */,
			);
			buildRules = (
			);
			dependencies = (
				F8D5722B1A6184BD0048637E /* PBXTargetDependency */,
			);
			name = FundsTransferTests;
			productName = FundsTransferTests;
			productReference = F8D572291A6184BD0048637E /* FundsTransferTests.xctest */;
			productType = "com.apple.product-type.bundle.unit-test";
		};
/* End PBXNativeTarget section */

/* Begin PBXProject section */
		F8D572091A6184BD0048637E /* Project object */ = {
			isa = PBXProject;
			attributes = {
				LastUpgradeCheck = 0610;
				ORGANIZATIONNAME = BenjaminSoft;
				TargetAttributes = {
					F8D572101A6184BD0048637E = {
						CreatedOnToolsVersion = 6.1.1;
					};
					F8D572281A6184BD0048637E = {
						CreatedOnToolsVersion = 6.1.1;
						TestTargetID = F8D572101A6184BD0048637E;
					};
				};
			};
			buildConfigurationList = F8D5720C1A6184BD0048637E /* Build configuration list for PBXProject "FundsTransfer" */;
			compatibilityVersion = "Xcode 3.2";
			developmentRegion = English;
			hasScannedForEncodings = 0;
			knownRegions = (
				en,
				Base,
			);
			mainGroup = F8D572081A6184BD0048637E;
			productRefGroup = F8D572121A6184BD0048637E /* Products */;
			projectDirPath = "";
			projectReferences = (
				{
					ProductGroup = F8D5723A1A618CC20048637E /* Products */;
					ProjectRef = F8D572391A618CC20048637E /* SwiftHTTP.xcodeproj */;
				},
			);
			projectRoot = "";
			targets = (
				F8D572101A6184BD0048637E /* FundsTransfer */,
				F8D572281A6184BD0048637E /* FundsTransferTests */,
			);
		};
/* End PBXProject section */

/* Begin PBXReferenceProxy section */
		F8D572411A618CC20048637E /* SwiftHTTP.framework */ = {
			isa = PBXReferenceProxy;
			fileType = wrapper.framework;
			path = SwiftHTTP.framework;
			remoteRef = F8D572401A618CC20048637E /* PBXContainerItemProxy */;
			sourceTree = BUILT_PRODUCTS_DIR;
		};
		F8D572431A618CC20048637E /* SwiftHTTPTests.xctest */ = {
			isa = PBXReferenceProxy;
			fileType = wrapper.cfbundle;
			path = SwiftHTTPTests.xctest;
			remoteRef = F8D572421A618CC20048637E /* PBXContainerItemProxy */;
			sourceTree = BUILT_PRODUCTS_DIR;
		};
		F8D572451A618CC20048637E /* SwiftHTTPOSX.framework */ = {
			isa = PBXReferenceProxy;
			fileType = wrapper.framework;
			path = SwiftHTTPOSX.framework;
			remoteRef = F8D572441A618CC20048637E /* PBXContainerItemProxy */;
			sourceTree = BUILT_PRODUCTS_DIR;
		};
		F8D572471A618CC20048637E /* SwiftHTTPOSXTests.xctest */ = {
			isa = PBXReferenceProxy;
			fileType = wrapper.cfbundle;
			path = SwiftHTTPOSXTests.xctest;
			remoteRef = F8D572461A618CC20048637E /* PBXContainerItemProxy */;
			sourceTree = BUILT_PRODUCTS_DIR;
		};
/* End PBXReferenceProxy section */

/* Begin PBXResourcesBuildPhase section */
		F8D5720F1A6184BD0048637E /* Resources */ = {
			isa = PBXResourcesBuildPhase;
			buildActionMask = 2147483647;
			files = (
				F8D5721F1A6184BD0048637E /* Main.storyboard in Resources */,
				F8D572241A6184BD0048637E /* LaunchScreen.xib in Resources */,
				F8D572211A6184BD0048637E /* Images.xcassets in Resources */,
			);
			runOnlyForDeploymentPostprocessing = 0;
		};
		F8D572271A6184BD0048637E /* Resources */ = {
			isa = PBXResourcesBuildPhase;
			buildActionMask = 2147483647;
			files = (
			);
			runOnlyForDeploymentPostprocessing = 0;
		};
/* End PBXResourcesBuildPhase section */

/* Begin PBXSourcesBuildPhase section */
		F8D5720D1A6184BD0048637E /* Sources */ = {
			isa = PBXSourcesBuildPhase;
			buildActionMask = 2147483647;
			files = (
				F8D572571A618E6E0048637E /* Localize.swift in Sources */,
				F8D572511A618D630048637E /* HTTPTask.swift in Sources */,
				F8D5721C1A6184BD0048637E /* ViewController.swift in Sources */,
				F8D572521A618D630048637E /* HTTPUpload.swift in Sources */,
				F8D5725C1A6194220048637E /* Config.swift in Sources */,
				F8D572591A618F2E0048637E /* NetworkAdapter.swift in Sources */,
				F8D5724F1A618D630048637E /* HTTPRequestSerializer.swift in Sources */,
				F8D572551A618E340048637E /* Utility.swift in Sources */,
				F8D572171A6184BD0048637E /* AppDelegate.swift in Sources */,
				F8D5721A1A6184BD0048637E /* FundsTransfer.xcdatamodeld in Sources */,
				F8D572501A618D630048637E /* HTTPResponseSerializer.swift in Sources */,
			);
			runOnlyForDeploymentPostprocessing = 0;
		};
		F8D572251A6184BD0048637E /* Sources */ = {
			isa = PBXSourcesBuildPhase;
			buildActionMask = 2147483647;
			files = (
				F8D572301A6184BD0048637E /* FundsTransferTests.swift in Sources */,
			);
			runOnlyForDeploymentPostprocessing = 0;
		};
/* End PBXSourcesBuildPhase section */

/* Begin PBXTargetDependency section */
		F8D5722B1A6184BD0048637E /* PBXTargetDependency */ = {
			isa = PBXTargetDependency;
			target = F8D572101A6184BD0048637E /* FundsTransfer */;
			targetProxy = F8D5722A1A6184BD0048637E /* PBXContainerItemProxy */;
		};
/* End PBXTargetDependency section */

/* Begin PBXVariantGroup section */
		F8D5721D1A6184BD0048637E /* Main.storyboard */ = {
			isa = PBXVariantGroup;
			children = (
				F8D5721E1A6184BD0048637E /* Base */,
			);
			name = Main.storyboard;
			sourceTree = "<group>";
		};
		F8D572221A6184BD0048637E /* LaunchScreen.xib */ = {
			isa = PBXVariantGroup;
			children = (
				F8D572231A6184BD0048637E /* Base */,
			);
			name = LaunchScreen.xib;
			sourceTree = "<group>";
		};
/* End PBXVariantGroup section */

/* Begin XCBuildConfiguration section */
		F8D572311A6184BD0048637E /* Debug */ = {
			isa = XCBuildConfiguration;
			buildSettings = {
				ALWAYS_SEARCH_USER_PATHS = NO;
				CLANG_CXX_LANGUAGE_STANDARD = "gnu++0x";
				CLANG_CXX_LIBRARY = "libc++";
				CLANG_ENABLE_MODULES = YES;
				CLANG_ENABLE_OBJC_ARC = YES;
				CLANG_WARN_BOOL_CONVERSION = YES;
				CLANG_WARN_CONSTANT_CONVERSION = YES;
				CLANG_WARN_DIRECT_OBJC_ISA_USAGE = YES_ERROR;
				CLANG_WARN_EMPTY_BODY = YES;
				CLANG_WARN_ENUM_CONVERSION = YES;
				CLANG_WARN_INT_CONVERSION = YES;
				CLANG_WARN_OBJC_ROOT_CLASS = YES_ERROR;
				CLANG_WARN_UNREACHABLE_CODE = YES;
				CLANG_WARN__DUPLICATE_METHOD_MATCH = YES;
				"CODE_SIGN_IDENTITY[sdk=iphoneos*]" = "iPhone Developer";
				COPY_PHASE_STRIP = NO;
				ENABLE_STRICT_OBJC_MSGSEND = YES;
				GCC_C_LANGUAGE_STANDARD = gnu99;
				GCC_DYNAMIC_NO_PIC = NO;
				GCC_OPTIMIZATION_LEVEL = 0;
				GCC_PREPROCESSOR_DEFINITIONS = (
					"DEBUG=1",
					"$(inherited)",
				);
				GCC_SYMBOLS_PRIVATE_EXTERN = NO;
				GCC_WARN_64_TO_32_BIT_CONVERSION = YES;
				GCC_WARN_ABOUT_RETURN_TYPE = YES_ERROR;
				GCC_WARN_UNDECLARED_SELECTOR = YES;
				GCC_WARN_UNINITIALIZED_AUTOS = YES_AGGRESSIVE;
				GCC_WARN_UNUSED_FUNCTION = YES;
				GCC_WARN_UNUSED_VARIABLE = YES;
				IPHONEOS_DEPLOYMENT_TARGET = 8.1;
				MTL_ENABLE_DEBUG_INFO = YES;
				ONLY_ACTIVE_ARCH = YES;
				SDKROOT = iphoneos;
				SWIFT_OPTIMIZATION_LEVEL = "-Onone";
			};
			name = Debug;
		};
		F8D572321A6184BD0048637E /* Release */ = {
			isa = XCBuildConfiguration;
			buildSettings = {
				ALWAYS_SEARCH_USER_PATHS = NO;
				CLANG_CXX_LANGUAGE_STANDARD = "gnu++0x";
				CLANG_CXX_LIBRARY = "libc++";
				CLANG_ENABLE_MODULES = YES;
				CLANG_ENABLE_OBJC_ARC = YES;
				CLANG_WARN_BOOL_CONVERSION = YES;
				CLANG_WARN_CONSTANT_CONVERSION = YES;
				CLANG_WARN_DIRECT_OBJC_ISA_USAGE = YES_ERROR;
				CLANG_WARN_EMPTY_BODY = YES;
				CLANG_WARN_ENUM_CONVERSION = YES;
				CLANG_WARN_INT_CONVERSION = YES;
				CLANG_WARN_OBJC_ROOT_CLASS = YES_ERROR;
				CLANG_WARN_UNREACHABLE_CODE = YES;
				CLANG_WARN__DUPLICATE_METHOD_MATCH = YES;
				"CODE_SIGN_IDENTITY[sdk=iphoneos*]" = "iPhone Developer";
				COPY_PHASE_STRIP = YES;
				ENABLE_NS_ASSERTIONS = NO;
				ENABLE_STRICT_OBJC_MSGSEND = YES;
				GCC_C_LANGUAGE_STANDARD = gnu99;
				GCC_WARN_64_TO_32_BIT_CONVERSION = YES;
				GCC_WARN_ABOUT_RETURN_TYPE = YES_ERROR;
				GCC_WARN_UNDECLARED_SELECTOR = YES;
				GCC_WARN_UNINITIALIZED_AUTOS = YES_AGGRESSIVE;
				GCC_WARN_UNUSED_FUNCTION = YES;
				GCC_WARN_UNUSED_VARIABLE = YES;
				IPHONEOS_DEPLOYMENT_TARGET = 8.1;
				MTL_ENABLE_DEBUG_INFO = NO;
				SDKROOT = iphoneos;
				VALIDATE_PRODUCT = YES;
			};
			name = Release;
		};
		F8D572341A6184BD0048637E /* Debug */ = {
			isa = XCBuildConfiguration;
			buildSettings = {
				ASSETCATALOG_COMPILER_APPICON_NAME = AppIcon;
				INFOPLIST_FILE = FundsTransfer/Info.plist;
				IPHONEOS_DEPLOYMENT_TARGET = 8.1;
				LD_RUNPATH_SEARCH_PATHS = "$(inherited) @executable_path/Frameworks";
				PRODUCT_NAME = "$(TARGET_NAME)";
			};
			name = Debug;
		};
		F8D572351A6184BD0048637E /* Release */ = {
			isa = XCBuildConfiguration;
			buildSettings = {
				ASSETCATALOG_COMPILER_APPICON_NAME = AppIcon;
				INFOPLIST_FILE = FundsTransfer/Info.plist;
				IPHONEOS_DEPLOYMENT_TARGET = 8.1;
				LD_RUNPATH_SEARCH_PATHS = "$(inherited) @executable_path/Frameworks";
				PRODUCT_NAME = "$(TARGET_NAME)";
			};
			name = Release;
		};
		F8D572371A6184BD0048637E /* Debug */ = {
			isa = XCBuildConfiguration;
			buildSettings = {
				BUNDLE_LOADER = "$(TEST_HOST)";
				FRAMEWORK_SEARCH_PATHS = (
					"$(SDKROOT)/Developer/Library/Frameworks",
					"$(inherited)",
				);
				GCC_PREPROCESSOR_DEFINITIONS = (
					"DEBUG=1",
					"$(inherited)",
				);
				INFOPLIST_FILE = FundsTransferTests/Info.plist;
				LD_RUNPATH_SEARCH_PATHS = "$(inherited) @executable_path/Frameworks @loader_path/Frameworks";
				PRODUCT_NAME = "$(TARGET_NAME)";
				TEST_HOST = "$(BUILT_PRODUCTS_DIR)/FundsTransfer.app/FundsTransfer";
			};
			name = Debug;
		};
		F8D572381A6184BD0048637E /* Release */ = {
			isa = XCBuildConfiguration;
			buildSettings = {
				BUNDLE_LOADER = "$(TEST_HOST)";
				FRAMEWORK_SEARCH_PATHS = (
					"$(SDKROOT)/Developer/Library/Frameworks",
					"$(inherited)",
				);
				INFOPLIST_FILE = FundsTransferTests/Info.plist;
				LD_RUNPATH_SEARCH_PATHS = "$(inherited) @executable_path/Frameworks @loader_path/Frameworks";
				PRODUCT_NAME = "$(TARGET_NAME)";
				TEST_HOST = "$(BUILT_PRODUCTS_DIR)/FundsTransfer.app/FundsTransfer";
			};
			name = Release;
		};
/* End XCBuildConfiguration section */

/* Begin XCConfigurationList section */
		F8D5720C1A6184BD0048637E /* Build configuration list for PBXProject "FundsTransfer" */ = {
			isa = XCConfigurationList;
			buildConfigurations = (
				F8D572311A6184BD0048637E /* Debug */,
				F8D572321A6184BD0048637E /* Release */,
			);
			defaultConfigurationIsVisible = 0;
			defaultConfigurationName = Release;
		};
		F8D572331A6184BD0048637E /* Build configuration list for PBXNativeTarget "FundsTransfer" */ = {
			isa = XCConfigurationList;
			buildConfigurations = (
				F8D572341A6184BD0048637E /* Debug */,
				F8D572351A6184BD0048637E /* Release */,
			);
			defaultConfigurationIsVisible = 0;
		};
		F8D572361A6184BD0048637E /* Build configuration list for PBXNativeTarget "FundsTransferTests" */ = {
			isa = XCConfigurationList;
			buildConfigurations = (
				F8D572371A6184BD0048637E /* Debug */,
				F8D572381A6184BD0048637E /* Release */,
			);
			defaultConfigurationIsVisible = 0;
		};
/* End XCConfigurationList section */

/* Begin XCVersionGroup section */
		F8D572181A6184BD0048637E /* FundsTransfer.xcdatamodeld */ = {
			isa = XCVersionGroup;
			children = (
				F8D572191A6184BD0048637E /* FundsTransfer.xcdatamodel */,
			);
			currentVersion = F8D572191A6184BD0048637E /* FundsTransfer.xcdatamodel */;
			path = FundsTransfer.xcdatamodeld;
			sourceTree = "<group>";
			versionGroupType = wrapper.xcdatamodel;
		};
/* End XCVersionGroup section */
	};
	rootObject = F8D572091A6184BD0048637E /* Project object */;
}
